
Microsoft Visual Studio Solution File, Format Version 12.00
# Visual Studio 15
VisualStudioVersion = 15.0.27130.2020
MinimumVisualStudioVersion = 10.0.40219.1
Project("{2150E333-8FDC-42A3-9474-1A3956D46DE8}") = "1 - Metrics Reader", "1 - Metrics Reader", "{0667391D-A30B-4F49-9A71-C9BD2850D25C}"
EndProject
Project("{2150E333-8FDC-42A3-9474-1A3956D46DE8}") = "2 - Metrics Receiver", "2 - Metrics Receiver", "{7919D213-FD5C-4890-BBCA-46710F2DFC6F}"
EndProject
Project("{2150E333-8FDC-42A3-9474-1A3956D46DE8}") = "3 - Metrics Viewer", "3 - Metrics Viewer", "{3072FB78-906C-4355-8D0A-4EFE4C4C91A7}"
EndProject
Project("{2150E333-8FDC-42A3-9474-1A3956D46DE8}") = "4 - Core", "4 - Core", "{7D1EC64D-7E74-4EB1-ABED-34893A83CEF4}"
EndProject
Project("{9A19103F-16F7-4668-BE54-9A1E7A4F7556}") = "ViajaNet.ThiagoMancuzo.Core", "ViajaNet.ThiagoMancuzo.Core\ViajaNet.ThiagoMancuzo.Core.csproj", "{924DDEA5-63CA-44AA-A924-2147C671811E}"
EndProject
Project("{9A19103F-16F7-4668-BE54-9A1E7A4F7556}") = "ViajaNet.ThiagoMancuzo.Metrics.Reader.App", "ViajaNet.ThiagoMancuzo.Metrics.Reader.App\ViajaNet.ThiagoMancuzo.Metrics.Reader.App.csproj", "{F88EB051-0D8C-4D9C-B4C3-1B528635AF4C}"
EndProject
Project("{9A19103F-16F7-4668-BE54-9A1E7A4F7556}") = "ViajaNet.ThiagoMancuzo.Metrics.Reader", "ViajaNet.ThiagoMancuzo.Metrics.Reader\ViajaNet.ThiagoMancuzo.Metrics.Reader.csproj", "{80EE6E2A-DF65-480F-84BB-FA7D931C6D2A}"
EndProject
Project("{9A19103F-16F7-4668-BE54-9A1E7A4F7556}") = "ViajaNet.ThiagoMancuzo.Metrics.Receiver.App", "ViajaNet.ThiagoMancuzo.Metrics.Receiver.App\ViajaNet.ThiagoMancuzo.Metrics.Receiver.App.csproj", "{AE3DD09F-F461-4D3D-A239-AF38D0852E40}"
EndProject
Project("{9A19103F-16F7-4668-BE54-9A1E7A4F7556}") = "ViajaNet.ThiagoMancuzo.Metrics.Receiver", "ViajaNet.ThiagoMancuzo.Metrics.Receiver\ViajaNet.ThiagoMancuzo.Metrics.Receiver.csproj", "{49D972AF-A9F9-4774-AF7D-A561EC28E271}"
EndProject
Project("{FAE04EC0-301F-11D3-BF4B-00C04F79EFBC}") = "ViajaNet.ThiagoMancuzo.Metrics.Viewer.App", "ViajaNet.ThiagoMancuzo.Metrics.Viewer.App\ViajaNet.ThiagoMancuzo.Metrics.Viewer.App.csproj", "{2E0D3701-1B22-4DC7-A099-2939E6B7DE83}"
EndProject
Project("{2150E333-8FDC-42A3-9474-1A3956D46DE8}") = "5 - Infra", "5 - Infra", "{7BF90077-AF32-456F-BB5F-37F9071E2BA8}"
EndProject
Project("{FAE04EC0-301F-11D3-BF4B-00C04F79EFBC}") = "ViajaNet.ThiagoMancuzo.Metrics.Infra", "ViajaNet.ThiagoMancuzo.Metrics.Infra\ViajaNet.ThiagoMancuzo.Metrics.Infra.csproj", "{56E00D74-6581-451A-8B61-CEDD7CBB022A}"
EndProject
Global
	GlobalSection(SolutionConfigurationPlatforms) = preSolution
		Debug|Any CPU = Debug|Any CPU
		Release|Any CPU = Release|Any CPU
	EndGlobalSection
	GlobalSection(ProjectConfigurationPlatforms) = postSolution
		{924DDEA5-63CA-44AA-A924-2147C671811E}.Debug|Any CPU.ActiveCfg = Debug|Any CPU
		{924DDEA5-63CA-44AA-A924-2147C671811E}.Debug|Any CPU.Build.0 = Debug|Any CPU
		{924DDEA5-63CA-44AA-A924-2147C671811E}.Release|Any CPU.ActiveCfg = Release|Any CPU
		{924DDEA5-63CA-44AA-A924-2147C671811E}.Release|Any CPU.Build.0 = Release|Any CPU
		{F88EB051-0D8C-4D9C-B4C3-1B528635AF4C}.Debug|Any CPU.ActiveCfg = Debug|Any CPU
		{F88EB051-0D8C-4D9C-B4C3-1B528635AF4C}.Debug|Any CPU.Build.0 = Debug|Any CPU
		{F88EB051-0D8C-4D9C-B4C3-1B528635AF4C}.Release|Any CPU.ActiveCfg = Release|Any CPU
		{F88EB051-0D8C-4D9C-B4C3-1B528635AF4C}.Release|Any CPU.Build.0 = Release|Any CPU
		{80EE6E2A-DF65-480F-84BB-FA7D931C6D2A}.Debug|Any CPU.ActiveCfg = Debug|Any CPU
		{80EE6E2A-DF65-480F-84BB-FA7D931C6D2A}.Debug|Any CPU.Build.0 = Debug|Any CPU
		{80EE6E2A-DF65-480F-84BB-FA7D931C6D2A}.Release|Any CPU.ActiveCfg = Release|Any CPU
		{80EE6E2A-DF65-480F-84BB-FA7D931C6D2A}.Release|Any CPU.Build.0 = Release|Any CPU
		{AE3DD09F-F461-4D3D-A239-AF38D0852E40}.Debug|Any CPU.ActiveCfg = Debug|Any CPU
		{AE3DD09F-F461-4D3D-A239-AF38D0852E40}.Debug|Any CPU.Build.0 = Debug|Any CPU
		{AE3DD09F-F461-4D3D-A239-AF38D0852E40}.Release|Any CPU.ActiveCfg = Release|Any CPU
		{AE3DD09F-F461-4D3D-A239-AF38D0852E40}.Release|Any CPU.Build.0 = Release|Any CPU
		{49D972AF-A9F9-4774-AF7D-A561EC28E271}.Debug|Any CPU.ActiveCfg = Debug|Any CPU
		{49D972AF-A9F9-4774-AF7D-A561EC28E271}.Debug|Any CPU.Build.0 = Debug|Any CPU
		{49D972AF-A9F9-4774-AF7D-A561EC28E271}.Release|Any CPU.ActiveCfg = Release|Any CPU
		{49D972AF-A9F9-4774-AF7D-A561EC28E271}.Release|Any CPU.Build.0 = Release|Any CPU
		{2E0D3701-1B22-4DC7-A099-2939E6B7DE83}.Debug|Any CPU.ActiveCfg = Debug|Any CPU
		{2E0D3701-1B22-4DC7-A099-2939E6B7DE83}.Debug|Any CPU.Build.0 = Debug|Any CPU
		{2E0D3701-1B22-4DC7-A099-2939E6B7DE83}.Release|Any CPU.ActiveCfg = Release|Any CPU
		{2E0D3701-1B22-4DC7-A099-2939E6B7DE83}.Release|Any CPU.Build.0 = Release|Any CPU
		{56E00D74-6581-451A-8B61-CEDD7CBB022A}.Debug|Any CPU.ActiveCfg = Debug|Any CPU
		{56E00D74-6581-451A-8B61-CEDD7CBB022A}.Debug|Any CPU.Build.0 = Debug|Any CPU
		{56E00D74-6581-451A-8B61-CEDD7CBB022A}.Release|Any CPU.ActiveCfg = Release|Any CPU
		{56E00D74-6581-451A-8B61-CEDD7CBB022A}.Release|Any CPU.Build.0 = Release|Any CPU
	EndGlobalSection
	GlobalSection(SolutionProperties) = preSolution
		HideSolutionNode = FALSE
	EndGlobalSection
	GlobalSection(NestedProjects) = preSolution
		{924DDEA5-63CA-44AA-A924-2147C671811E} = {7D1EC64D-7E74-4EB1-ABED-34893A83CEF4}
		{F88EB051-0D8C-4D9C-B4C3-1B528635AF4C} = {0667391D-A30B-4F49-9A71-C9BD2850D25C}
		{80EE6E2A-DF65-480F-84BB-FA7D931C6D2A} = {0667391D-A30B-4F49-9A71-C9BD2850D25C}
		{AE3DD09F-F461-4D3D-A239-AF38D0852E40} = {7919D213-FD5C-4890-BBCA-46710F2DFC6F}
		{49D972AF-A9F9-4774-AF7D-A561EC28E271} = {7919D213-FD5C-4890-BBCA-46710F2DFC6F}
		{2E0D3701-1B22-4DC7-A099-2939E6B7DE83} = {3072FB78-906C-4355-8D0A-4EFE4C4C91A7}
		{56E00D74-6581-451A-8B61-CEDD7CBB022A} = {7BF90077-AF32-456F-BB5F-37F9071E2BA8}
	EndGlobalSection
	GlobalSection(ExtensibilityGlobals) = postSolution
		SolutionGuid = {6064FAD8-6F7F-41A7-AE1F-3B4D10A65834}
	EndGlobalSection
EndGlobal
